
Microsoft Visual Studio Solution File, Format Version 12.00
# Visual Studio 15
VisualStudioVersion = 15.0.28307.421
MinimumVisualStudioVersion = 10.0.40219.1
Project("{FAE04EC0-301F-11D3-BF4B-00C04F79EFBC}") = "Client1", "Client1\Client1.csproj", "{3FBBFD7F-8EF7-4BA9-BB80-0D3AF784689E}"
EndProject
Global
	GlobalSection(SolutionConfigurationPlatforms) = preSolution
		Debug|Any CPU = Debug|Any CPU
		Release|Any CPU = Release|Any CPU
	EndGlobalSection
	GlobalSection(ProjectConfigurationPlatforms) = postSolution
		{3FBBFD7F-8EF7-4BA9-BB80-0D3AF784689E}.Debug|Any CPU.ActiveCfg = Debug|Any CPU
		{3FBBFD7F-8EF7-4BA9-BB80-0D3AF784689E}.Debug|Any CPU.Build.0 = Debug|Any CPU
		{3FBBFD7F-8EF7-4BA9-BB80-0D3AF784689E}.Release|Any CPU.ActiveCfg = Release|Any CPU
		{3FBBFD7F-8EF7-4BA9-BB80-0D3AF784689E}.Release|Any CPU.Build.0 = Release|Any CPU
	EndGlobalSection
	GlobalSection(SolutionProperties) = preSolution
		HideSolutionNode = FALSE
	EndGlobalSection
	GlobalSection(ExtensibilityGlobals) = postSolution
		SolutionGuid = {FBBBAE31-F4F8-4217-A5EA-31F9C8ED6A1D}
	EndGlobalSection
EndGlobal
